
Microsoft Visual Studio Solution File, Format Version 12.00
# Visual Studio Version 17
VisualStudioVersion = 17.2.32505.173
MinimumVisualStudioVersion = 10.0.40219.1
Project("{2150E333-8FDC-42A3-9474-1A3956D46DE8}") = "src", "src", "{BF21A998-F5CD-415A-9EE7-AE4E9B7004E4}"
EndProject
Project("{2150E333-8FDC-42A3-9474-1A3956D46DE8}") = "Building Blocks", "Building Blocks", "{2BB085F4-F2BF-4CDA-B840-811F605E8B43}"
EndProject
Project("{2150E333-8FDC-42A3-9474-1A3956D46DE8}") = "Services", "Services", "{85B60A45-2AEB-4F1F-8633-8290D939A052}"
EndProject
Project("{2150E333-8FDC-42A3-9474-1A3956D46DE8}") = "Web", "Web", "{C7658F29-FEC4-4ACA-B678-01006E00B8D6}"
EndProject
Project("{2150E333-8FDC-42A3-9474-1A3956D46DE8}") = "Identity", "Identity", "{2BF7FAAD-9DEA-4631-BB41-FB46FE57D928}"
EndProject
Project("{9A19103F-16F7-4668-BE54-9A1E7A4F7556}") = "SE.Identity.API", "src\services\SE.Identity.API\SE.Identity.API.csproj", "{6CE371CF-64A7-402C-BFB3-4776735C9030}"
EndProject
Project("{2150E333-8FDC-42A3-9474-1A3956D46DE8}") = "MVC", "MVC", "{8EFB1CDC-82CF-46FE-80DC-A2A5D92F3CAE}"
EndProject
Project("{9A19103F-16F7-4668-BE54-9A1E7A4F7556}") = "SE.WebApp.MVC", "src\web\mvc\SE.WebApp.MVC\SE.WebApp.MVC.csproj", "{A72019FC-3AA3-4D16-A427-09660BF3C461}"
EndProject
Project("{2150E333-8FDC-42A3-9474-1A3956D46DE8}") = "Core", "Core", "{D2C3A5F8-4CD3-4E38-882A-CB34DF3E7112}"
EndProject
Project("{9A19103F-16F7-4668-BE54-9A1E7A4F7556}") = "SE.Core", "src\building blocks\Core\SE.Core\SE.Core.csproj", "{20B0B360-21B6-47E5-B47F-C26239B76FC6}"
EndProject
Project("{2150E333-8FDC-42A3-9474-1A3956D46DE8}") = "ShoppingCart", "ShoppingCart", "{43AAF8A0-E31B-4DE2-B129-07B855BD15A2}"
EndProject
Project("{2150E333-8FDC-42A3-9474-1A3956D46DE8}") = "Catalog", "Catalog", "{C0789BC9-3E8A-45DB-A946-620460D7D241}"
EndProject
Project("{2150E333-8FDC-42A3-9474-1A3956D46DE8}") = "Payment", "Payment", "{69798AA2-ECD6-4C0B-B638-F7D28783342F}"
EndProject
Project("{2150E333-8FDC-42A3-9474-1A3956D46DE8}") = "Order", "Order", "{0E59976A-7F6D-41D6-AF8D-643310187F30}"
EndProject
Project("{9A19103F-16F7-4668-BE54-9A1E7A4F7556}") = "SE.Catalog.API", "src\services\SE.Catalog.API\SE.Catalog.API.csproj", "{A27621D7-0747-49FA-9EE0-809560FF3BFF}"
EndProject
Project("{9A19103F-16F7-4668-BE54-9A1E7A4F7556}") = "SE.Order.API", "src\services\SE.Order.API\SE.Order.API.csproj", "{A91F4ED5-D61D-4FD1-9FB6-29DD87D35202}"
EndProject
Project("{9A19103F-16F7-4668-BE54-9A1E7A4F7556}") = "SE.Payment.API", "src\services\SE.Payment.API\SE.Payment.API.csproj", "{2ECA17AC-C6F5-434C-8442-3167E05DB046}"
EndProject
Project("{9A19103F-16F7-4668-BE54-9A1E7A4F7556}") = "SE.ShoppingCart.API", "src\services\SE.ShoppingCart.API\SE.ShoppingCart.API.csproj", "{400DFAF1-6F28-4D61-890A-DC0EB41D401D}"
EndProject
Project("{2150E333-8FDC-42A3-9474-1A3956D46DE8}") = "Services", "Services", "{AA6BA3C5-1C8A-499A-AD50-FD5C3B389E61}"
EndProject
Project("{9A19103F-16F7-4668-BE54-9A1E7A4F7556}") = "SE.WebApi.Core", "src\building blocks\SE.WebApi.Core\SE.WebApi.Core.csproj", "{599C72BD-D30B-49DD-B6C3-9E8BDE1FA3B4}"
EndProject
Project("{2150E333-8FDC-42A3-9474-1A3956D46DE8}") = "Customer", "Customer", "{0DC4F022-9E37-472E-9E2A-D82A3793C72F}"
EndProject
Project("{FAE04EC0-301F-11D3-BF4B-00C04F79EFBC}") = "SE.Customer.API", "src\services\SE.Customer.API\SE.Customer.API.csproj", "{2D477459-C0BA-4C2E-AFB9-8B9569C5B4AC}"
EndProject
Global
	GlobalSection(SolutionConfigurationPlatforms) = preSolution
		Debug|Any CPU = Debug|Any CPU
		Release|Any CPU = Release|Any CPU
	EndGlobalSection
	GlobalSection(ProjectConfigurationPlatforms) = postSolution
		{6CE371CF-64A7-402C-BFB3-4776735C9030}.Debug|Any CPU.ActiveCfg = Debug|Any CPU
		{6CE371CF-64A7-402C-BFB3-4776735C9030}.Debug|Any CPU.Build.0 = Debug|Any CPU
		{6CE371CF-64A7-402C-BFB3-4776735C9030}.Release|Any CPU.ActiveCfg = Release|Any CPU
		{6CE371CF-64A7-402C-BFB3-4776735C9030}.Release|Any CPU.Build.0 = Release|Any CPU
		{A72019FC-3AA3-4D16-A427-09660BF3C461}.Debug|Any CPU.ActiveCfg = Debug|Any CPU
		{A72019FC-3AA3-4D16-A427-09660BF3C461}.Debug|Any CPU.Build.0 = Debug|Any CPU
		{A72019FC-3AA3-4D16-A427-09660BF3C461}.Release|Any CPU.ActiveCfg = Release|Any CPU
		{A72019FC-3AA3-4D16-A427-09660BF3C461}.Release|Any CPU.Build.0 = Release|Any CPU
		{20B0B360-21B6-47E5-B47F-C26239B76FC6}.Debug|Any CPU.ActiveCfg = Debug|Any CPU
		{20B0B360-21B6-47E5-B47F-C26239B76FC6}.Debug|Any CPU.Build.0 = Debug|Any CPU
		{20B0B360-21B6-47E5-B47F-C26239B76FC6}.Release|Any CPU.ActiveCfg = Release|Any CPU
		{20B0B360-21B6-47E5-B47F-C26239B76FC6}.Release|Any CPU.Build.0 = Release|Any CPU
		{A27621D7-0747-49FA-9EE0-809560FF3BFF}.Debug|Any CPU.ActiveCfg = Debug|Any CPU
		{A27621D7-0747-49FA-9EE0-809560FF3BFF}.Debug|Any CPU.Build.0 = Debug|Any CPU
		{A27621D7-0747-49FA-9EE0-809560FF3BFF}.Release|Any CPU.ActiveCfg = Release|Any CPU
		{A27621D7-0747-49FA-9EE0-809560FF3BFF}.Release|Any CPU.Build.0 = Release|Any CPU
		{A91F4ED5-D61D-4FD1-9FB6-29DD87D35202}.Debug|Any CPU.ActiveCfg = Debug|Any CPU
		{A91F4ED5-D61D-4FD1-9FB6-29DD87D35202}.Debug|Any CPU.Build.0 = Debug|Any CPU
		{A91F4ED5-D61D-4FD1-9FB6-29DD87D35202}.Release|Any CPU.ActiveCfg = Release|Any CPU
		{A91F4ED5-D61D-4FD1-9FB6-29DD87D35202}.Release|Any CPU.Build.0 = Release|Any CPU
		{2ECA17AC-C6F5-434C-8442-3167E05DB046}.Debug|Any CPU.ActiveCfg = Debug|Any CPU
		{2ECA17AC-C6F5-434C-8442-3167E05DB046}.Debug|Any CPU.Build.0 = Debug|Any CPU
		{2ECA17AC-C6F5-434C-8442-3167E05DB046}.Release|Any CPU.ActiveCfg = Release|Any CPU
		{2ECA17AC-C6F5-434C-8442-3167E05DB046}.Release|Any CPU.Build.0 = Release|Any CPU
		{400DFAF1-6F28-4D61-890A-DC0EB41D401D}.Debug|Any CPU.ActiveCfg = Debug|Any CPU
		{400DFAF1-6F28-4D61-890A-DC0EB41D401D}.Debug|Any CPU.Build.0 = Debug|Any CPU
		{400DFAF1-6F28-4D61-890A-DC0EB41D401D}.Release|Any CPU.ActiveCfg = Release|Any CPU
		{400DFAF1-6F28-4D61-890A-DC0EB41D401D}.Release|Any CPU.Build.0 = Release|Any CPU
		{599C72BD-D30B-49DD-B6C3-9E8BDE1FA3B4}.Debug|Any CPU.ActiveCfg = Debug|Any CPU
		{599C72BD-D30B-49DD-B6C3-9E8BDE1FA3B4}.Debug|Any CPU.Build.0 = Debug|Any CPU
		{599C72BD-D30B-49DD-B6C3-9E8BDE1FA3B4}.Release|Any CPU.ActiveCfg = Release|Any CPU
		{599C72BD-D30B-49DD-B6C3-9E8BDE1FA3B4}.Release|Any CPU.Build.0 = Release|Any CPU
		{2D477459-C0BA-4C2E-AFB9-8B9569C5B4AC}.Debug|Any CPU.ActiveCfg = Debug|Any CPU
		{2D477459-C0BA-4C2E-AFB9-8B9569C5B4AC}.Debug|Any CPU.Build.0 = Debug|Any CPU
		{2D477459-C0BA-4C2E-AFB9-8B9569C5B4AC}.Release|Any CPU.ActiveCfg = Release|Any CPU
		{2D477459-C0BA-4C2E-AFB9-8B9569C5B4AC}.Release|Any CPU.Build.0 = Release|Any CPU
	EndGlobalSection
	GlobalSection(SolutionProperties) = preSolution
		HideSolutionNode = FALSE
	EndGlobalSection
	GlobalSection(NestedProjects) = preSolution
		{2BB085F4-F2BF-4CDA-B840-811F605E8B43} = {BF21A998-F5CD-415A-9EE7-AE4E9B7004E4}
		{85B60A45-2AEB-4F1F-8633-8290D939A052} = {BF21A998-F5CD-415A-9EE7-AE4E9B7004E4}
		{C7658F29-FEC4-4ACA-B678-01006E00B8D6} = {BF21A998-F5CD-415A-9EE7-AE4E9B7004E4}
		{2BF7FAAD-9DEA-4631-BB41-FB46FE57D928} = {85B60A45-2AEB-4F1F-8633-8290D939A052}
		{6CE371CF-64A7-402C-BFB3-4776735C9030} = {2BF7FAAD-9DEA-4631-BB41-FB46FE57D928}
		{8EFB1CDC-82CF-46FE-80DC-A2A5D92F3CAE} = {C7658F29-FEC4-4ACA-B678-01006E00B8D6}
		{A72019FC-3AA3-4D16-A427-09660BF3C461} = {8EFB1CDC-82CF-46FE-80DC-A2A5D92F3CAE}
		{D2C3A5F8-4CD3-4E38-882A-CB34DF3E7112} = {2BB085F4-F2BF-4CDA-B840-811F605E8B43}
		{20B0B360-21B6-47E5-B47F-C26239B76FC6} = {D2C3A5F8-4CD3-4E38-882A-CB34DF3E7112}
		{43AAF8A0-E31B-4DE2-B129-07B855BD15A2} = {85B60A45-2AEB-4F1F-8633-8290D939A052}
		{C0789BC9-3E8A-45DB-A946-620460D7D241} = {85B60A45-2AEB-4F1F-8633-8290D939A052}
		{69798AA2-ECD6-4C0B-B638-F7D28783342F} = {85B60A45-2AEB-4F1F-8633-8290D939A052}
		{0E59976A-7F6D-41D6-AF8D-643310187F30} = {85B60A45-2AEB-4F1F-8633-8290D939A052}
		{A27621D7-0747-49FA-9EE0-809560FF3BFF} = {C0789BC9-3E8A-45DB-A946-620460D7D241}
		{A91F4ED5-D61D-4FD1-9FB6-29DD87D35202} = {0E59976A-7F6D-41D6-AF8D-643310187F30}
		{2ECA17AC-C6F5-434C-8442-3167E05DB046} = {69798AA2-ECD6-4C0B-B638-F7D28783342F}
		{400DFAF1-6F28-4D61-890A-DC0EB41D401D} = {43AAF8A0-E31B-4DE2-B129-07B855BD15A2}
		{AA6BA3C5-1C8A-499A-AD50-FD5C3B389E61} = {2BB085F4-F2BF-4CDA-B840-811F605E8B43}
		{599C72BD-D30B-49DD-B6C3-9E8BDE1FA3B4} = {AA6BA3C5-1C8A-499A-AD50-FD5C3B389E61}
		{0DC4F022-9E37-472E-9E2A-D82A3793C72F} = {85B60A45-2AEB-4F1F-8633-8290D939A052}
		{2D477459-C0BA-4C2E-AFB9-8B9569C5B4AC} = {0DC4F022-9E37-472E-9E2A-D82A3793C72F}
	EndGlobalSection
	GlobalSection(ExtensibilityGlobals) = postSolution
		SolutionGuid = {A8F82DB1-B2F3-4DC8-855E-39C4B4D9F9B2}
	EndGlobalSection
EndGlobal
